// !$*UTF8*$!
{
	archiveVersion = 1;
	classes = {
	};
	objectVersion = 46;
	objects = {

/* Begin PBXBuildFile section */
		68853F91199D480B00512543 /* Foundation.framework in Frameworks */ = {isa = PBXBuildFile; fileRef = 68853F90199D480B00512543 /* Foundation.framework */; };
		68853F93199D480B00512543 /* CoreGraphics.framework in Frameworks */ = {isa = PBXBuildFile; fileRef = 68853F92199D480B00512543 /* CoreGraphics.framework */; };
		68853F95199D480B00512543 /* UIKit.framework in Frameworks */ = {isa = PBXBuildFile; fileRef = 68853F94199D480B00512543 /* UIKit.framework */; };
		68853F9B199D480B00512543 /* InfoPlist.strings in Resources */ = {isa = PBXBuildFile; fileRef = 68853F99199D480B00512543 /* InfoPlist.strings */; };
		68853F9D199D480B00512543 /* main.m in Sources */ = {isa = PBXBuildFile; fileRef = 68853F9C199D480B00512543 /* main.m */; };
		68853FA1199D480B00512543 /* VONAppDelegate.m in Sources */ = {isa = PBXBuildFile; fileRef = 68853FA0199D480B00512543 /* VONAppDelegate.m */; };
		68853FA4199D480B00512543 /* Main.storyboard in Resources */ = {isa = PBXBuildFile; fileRef = 68853FA2199D480B00512543 /* Main.storyboard */; };
		68853FA7199D480B00512543 /* VONViewController.m in Sources */ = {isa = PBXBuildFile; fileRef = 68853FA6199D480B00512543 /* VONViewController.m */; };
		68853FA9199D480B00512543 /* Images.xcassets in Resources */ = {isa = PBXBuildFile; fileRef = 68853FA8199D480B00512543 /* Images.xcassets */; };
		68853FB0199D480B00512543 /* XCTest.framework in Frameworks */ = {isa = PBXBuildFile; fileRef = 68853FAF199D480B00512543 /* XCTest.framework */; };
		68853FB1199D480B00512543 /* Foundation.framework in Frameworks */ = {isa = PBXBuildFile; fileRef = 68853F90199D480B00512543 /* Foundation.framework */; };
		68853FB2199D480B00512543 /* UIKit.framework in Frameworks */ = {isa = PBXBuildFile; fileRef = 68853F94199D480B00512543 /* UIKit.framework */; };
		68853FBA199D480B00512543 /* InfoPlist.strings in Resources */ = {isa = PBXBuildFile; fileRef = 68853FB8199D480B00512543 /* InfoPlist.strings */; };
		68853FBC199D480B00512543 /* AllAroundUTests.m in Sources */ = {isa = PBXBuildFile; fileRef = 68853FBB199D480B00512543 /* AllAroundUTests.m */; };
/* End PBXBuildFile section */

/* Begin PBXContainerItemProxy section */
		68853FB3199D480B00512543 /* PBXContainerItemProxy */ = {
			isa = PBXContainerItemProxy;
			containerPortal = 68853F85199D480B00512543 /* Project object */;
			proxyType = 1;
			remoteGlobalIDString = 68853F8C199D480B00512543;
			remoteInfo = AllAroundU;
		};
/* End PBXContainerItemProxy section */

/* Begin PBXFileReference section */
		68853F8D199D480B00512543 /* AllAroundU.app */ = {isa = PBXFileReference; explicitFileType = wrapper.application; includeInIndex = 0; path = AllAroundU.app; sourceTree = BUILT_PRODUCTS_DIR; };
		68853F90199D480B00512543 /* Foundation.framework */ = {isa = PBXFileReference; lastKnownFileType = wrapper.framework; name = Foundation.framework; path = System/Library/Frameworks/Foundation.framework; sourceTree = SDKROOT; };
		68853F92199D480B00512543 /* CoreGraphics.framework */ = {isa = PBXFileReference; lastKnownFileType = wrapper.framework; name = CoreGraphics.framework; path = System/Library/Frameworks/CoreGraphics.framework; sourceTree = SDKROOT; };
		68853F94199D480B00512543 /* UIKit.framework */ = {isa = PBXFileReference; lastKnownFileType = wrapper.framework; name = UIKit.framework; path = System/Library/Frameworks/UIKit.framework; sourceTree = SDKROOT; };
		68853F98199D480B00512543 /* AllAroundU-Info.plist */ = {isa = PBXFileReference; lastKnownFileType = text.plist.xml; path = "AllAroundU-Info.plist"; sourceTree = "<group>"; };
		68853F9A199D480B00512543 /* en */ = {isa = PBXFileReference; lastKnownFileType = text.plist.strings; name = en; path = en.lproj/InfoPlist.strings; sourceTree = "<group>"; };
		68853F9C199D480B00512543 /* main.m */ = {isa = PBXFileReference; lastKnownFileType = sourcecode.c.objc; path = main.m; sourceTree = "<group>"; };
		68853F9E199D480B00512543 /* AllAroundU-Prefix.pch */ = {isa = PBXFileReference; lastKnownFileType = sourcecode.c.h; path = "AllAroundU-Prefix.pch"; sourceTree = "<group>"; };
		68853F9F199D480B00512543 /* VONAppDelegate.h */ = {isa = PBXFileReference; lastKnownFileType = sourcecode.c.h; path = VONAppDelegate.h; sourceTree = "<group>"; };
		68853FA0199D480B00512543 /* VONAppDelegate.m */ = {isa = PBXFileReference; lastKnownFileType = sourcecode.c.objc; path = VONAppDelegate.m; sourceTree = "<group>"; };
		68853FA3199D480B00512543 /* Base */ = {isa = PBXFileReference; lastKnownFileType = file.storyboard; name = Base; path = Base.lproj/Main.storyboard; sourceTree = "<group>"; };
		68853FA5199D480B00512543 /* VONViewController.h */ = {isa = PBXFileReference; lastKnownFileType = sourcecode.c.h; path = VONViewController.h; sourceTree = "<group>"; };
		68853FA6199D480B00512543 /* VONViewController.m */ = {isa = PBXFileReference; lastKnownFileType = sourcecode.c.objc; path = VONViewController.m; sourceTree = "<group>"; };
		68853FA8199D480B00512543 /* Images.xcassets */ = {isa = PBXFileReference; lastKnownFileType = folder.assetcatalog; path = Images.xcassets; sourceTree = "<group>"; };
		68853FAE199D480B00512543 /* AllAroundUTests.xctest */ = {isa = PBXFileReference; explicitFileType = wrapper.cfbundle; includeInIndex = 0; path = AllAroundUTests.xctest; sourceTree = BUILT_PRODUCTS_DIR; };
		68853FAF199D480B00512543 /* XCTest.framework */ = {isa = PBXFileReference; lastKnownFileType = wrapper.framework; name = XCTest.framework; path = Library/Frameworks/XCTest.framework; sourceTree = DEVELOPER_DIR; };
		68853FB7199D480B00512543 /* AllAroundUTests-Info.plist */ = {isa = PBXFileReference; lastKnownFileType = text.plist.xml; path = "AllAroundUTests-Info.plist"; sourceTree = "<group>"; };
		68853FB9199D480B00512543 /* en */ = {isa = PBXFileReference; lastKnownFileType = text.plist.strings; name = en; path = en.lproj/InfoPlist.strings; sourceTree = "<group>"; };
		68853FBB199D480B00512543 /* AllAroundUTests.m */ = {isa = PBXFileReference; lastKnownFileType = sourcecode.c.objc; path = AllAroundUTests.m; sourceTree = "<group>"; };
/* End PBXFileReference section */

/* Begin PBXFrameworksBuildPhase section */
		68853F8A199D480B00512543 /* Frameworks */ = {
			isa = PBXFrameworksBuildPhase;
			buildActionMask = 2147483647;
			files = (
				68853F93199D480B00512543 /* CoreGraphics.framework in Frameworks */,
				68853F95199D480B00512543 /* UIKit.framework in Frameworks */,
				68853F91199D480B00512543 /* Foundation.framework in Frameworks */,
			);
			runOnlyForDeploymentPostprocessing = 0;
		};
		68853FAB199D480B00512543 /* Frameworks */ = {
			isa = PBXFrameworksBuildPhase;
			buildActionMask = 2147483647;
			files = (
				68853FB0199D480B00512543 /* XCTest.framework in Frameworks */,
				68853FB2199D480B00512543 /* UIKit.framework in Frameworks */,
				68853FB1199D480B00512543 /* Foundation.framework in Frameworks */,
			);
			runOnlyForDeploymentPostprocessing = 0;
		};
/* End PBXFrameworksBuildPhase section */

/* Begin PBXGroup section */
		68853F84199D480B00512543 = {
			isa = PBXGroup;
			children = (
				68853F96199D480B00512543 /* AllAroundU */,
				68853FB5199D480B00512543 /* AllAroundUTests */,
				68853F8F199D480B00512543 /* Frameworks */,
				68853F8E199D480B00512543 /* Products */,
			);
			sourceTree = "<group>";
		};
		68853F8E199D480B00512543 /* Products */ = {
			isa = PBXGroup;
			children = (
				68853F8D199D480B00512543 /* AllAroundU.app */,
				68853FAE199D480B00512543 /* AllAroundUTests.xctest */,
			);
			name = Products;
			sourceTree = "<group>";
		};
		68853F8F199D480B00512543 /* Frameworks */ = {
			isa = PBXGroup;
			children = (
				68853F90199D480B00512543 /* Foundation.framework */,
				68853F92199D480B00512543 /* CoreGraphics.framework */,
				68853F94199D480B00512543 /* UIKit.framework */,
				68853FAF199D480B00512543 /* XCTest.framework */,
			);
			name = Frameworks;
			sourceTree = "<group>";
		};
		68853F96199D480B00512543 /* AllAroundU */ = {
			isa = PBXGroup;
			children = (
				68853F9F199D480B00512543 /* VONAppDelegate.h */,
				68853FA0199D480B00512543 /* VONAppDelegate.m */,
				68853FA2199D480B00512543 /* Main.storyboard */,
				68853FA5199D480B00512543 /* VONViewController.h */,
				68853FA6199D480B00512543 /* VONViewController.m */,
				68853FA8199D480B00512543 /* Images.xcassets */,
				68853F97199D480B00512543 /* Supporting Files */,
			);
			path = AllAroundU;
			sourceTree = "<group>";
		};
		68853F97199D480B00512543 /* Supporting Files */ = {
			isa = PBXGroup;
			children = (
				68853F98199D480B00512543 /* AllAroundU-Info.plist */,
				68853F99199D480B00512543 /* InfoPlist.strings */,
				68853F9C199D480B00512543 /* main.m */,
				68853F9E199D480B00512543 /* AllAroundU-Prefix.pch */,
			);
			name = "Supporting Files";
			sourceTree = "<group>";
		};
		68853FB5199D480B00512543 /* AllAroundUTests */ = {
			isa = PBXGroup;
			children = (
				68853FBB199D480B00512543 /* AllAroundUTests.m */,
				68853FB6199D480B00512543 /* Supporting Files */,
			);
			path = AllAroundUTests;
			sourceTree = "<group>";
		};
		68853FB6199D480B00512543 /* Supporting Files */ = {
			isa = PBXGroup;
			children = (
				68853FB7199D480B00512543 /* AllAroundUTests-Info.plist */,
				68853FB8199D480B00512543 /* InfoPlist.strings */,
			);
			name = "Supporting Files";
			sourceTree = "<group>";
		};
/* End PBXGroup section */

/* Begin PBXNativeTarget section */
		68853F8C199D480B00512543 /* AllAroundU */ = {
			isa = PBXNativeTarget;
			buildConfigurationList = 68853FBF199D480B00512543 /* Build configuration list for PBXNativeTarget "AllAroundU" */;
			buildPhases = (
				68853F89199D480B00512543 /* Sources */,
				68853F8A199D480B00512543 /* Frameworks */,
				68853F8B199D480B00512543 /* Resources */,
			);
			buildRules = (
			);
			dependencies = (
			);
			name = AllAroundU;
			productName = AllAroundU;
			productReference = 68853F8D199D480B00512543 /* AllAroundU.app */;
			productType = "com.apple.product-type.application";
		};
		68853FAD199D480B00512543 /* AllAroundUTests */ = {
			isa = PBXNativeTarget;
			buildConfigurationList = 68853FC2199D480B00512543 /* Build configuration list for PBXNativeTarget "AllAroundUTests" */;
			buildPhases = (
				68853FAA199D480B00512543 /* Sources */,
				68853FAB199D480B00512543 /* Frameworks */,
				68853FAC199D480B00512543 /* Resources */,
			);
			buildRules = (
			);
			dependencies = (
				68853FB4199D480B00512543 /* PBXTargetDependency */,
			);
			name = AllAroundUTests;
			productName = AllAroundUTests;
			productReference = 68853FAE199D480B00512543 /* AllAroundUTests.xctest */;
			productType = "com.apple.product-type.bundle.unit-test";
		};
/* End PBXNativeTarget section */

/* Begin PBXProject section */
		68853F85199D480B00512543 /* Project object */ = {
			isa = PBXProject;
			attributes = {
				CLASSPREFIX = VON;
				LastUpgradeCheck = 0510;
				ORGANIZATIONNAME = "Duri Duri";
				TargetAttributes = {
					68853FAD199D480B00512543 = {
						TestTargetID = 68853F8C199D480B00512543;
					};
				};
			};
			buildConfigurationList = 68853F88199D480B00512543 /* Build configuration list for PBXProject "AllAroundU" */;
			compatibilityVersion = "Xcode 3.2";
			developmentRegion = English;
			hasScannedForEncodings = 0;
			knownRegions = (
				en,
				Base,
			);
			mainGroup = 68853F84199D480B00512543;
			productRefGroup = 68853F8E199D480B00512543 /* Products */;
			projectDirPath = "";
			projectRoot = "";
			targets = (
				68853F8C199D480B00512543 /* AllAroundU */,
				68853FAD199D480B00512543 /* AllAroundUTests */,
			);
		};
/* End PBXProject section */

/* Begin PBXResourcesBuildPhase section */
		68853F8B199D480B00512543 /* Resources */ = {
			isa = PBXResourcesBuildPhase;
			buildActionMask = 2147483647;
			files = (
				68853FA9199D480B00512543 /* Images.xcassets in Resources */,
				68853F9B199D480B00512543 /* InfoPlist.strings in Resources */,
				68853FA4199D480B00512543 /* Main.storyboard in Resources */,
			);
			runOnlyForDeploymentPostprocessing = 0;
		};
		68853FAC199D480B00512543 /* Resources */ = {
			isa = PBXResourcesBuildPhase;
			buildActionMask = 2147483647;
			files = (
				68853FBA199D480B00512543 /* InfoPlist.strings in Resources */,
			);
			runOnlyForDeploymentPostprocessing = 0;
		};
/* End PBXResourcesBuildPhase section */

/* Begin PBXSourcesBuildPhase section */
		68853F89199D480B00512543 /* Sources */ = {
			isa = PBXSourcesBuildPhase;
			buildActionMask = 2147483647;
			files = (
				68853FA1199D480B00512543 /* VONAppDelegate.m in Sources */,
				68853F9D199D480B00512543 /* main.m in Sources */,
				68853FA7199D480B00512543 /* VONViewController.m in Sources */,
			);
			runOnlyForDeploymentPostprocessing = 0;
		};
		68853FAA199D480B00512543 /* Sources */ = {
			isa = PBXSourcesBuildPhase;
			buildActionMask = 2147483647;
			files = (
				68853FBC199D480B00512543 /* AllAroundUTests.m in Sources */,
			);
			runOnlyForDeploymentPostprocessing = 0;
		};
/* End PBXSourcesBuildPhase section */

/* Begin PBXTargetDependency section */
		68853FB4199D480B00512543 /* PBXTargetDependency */ = {
			isa = PBXTargetDependency;
			target = 68853F8C199D480B00512543 /* AllAroundU */;
			targetProxy = 68853FB3199D480B00512543 /* PBXContainerItemProxy */;
		};
/* End PBXTargetDependency section */

/* Begin PBXVariantGroup section */
		68853F99199D480B00512543 /* InfoPlist.strings */ = {
			isa = PBXVariantGroup;
			children = (
				68853F9A199D480B00512543 /* en */,
			);
			name = InfoPlist.strings;
			sourceTree = "<group>";
		};
		68853FA2199D480B00512543 /* Main.storyboard */ = {
			isa = PBXVariantGroup;
			children = (
				68853FA3199D480B00512543 /* Base */,
			);
			name = Main.storyboard;
			sourceTree = "<group>";
		};
		68853FB8199D480B00512543 /* InfoPlist.strings */ = {
			isa = PBXVariantGroup;
			children = (
				68853FB9199D480B00512543 /* en */,
			);
			name = InfoPlist.strings;
			sourceTree = "<group>";
		};
/* End PBXVariantGroup section */

/* Begin XCBuildConfiguration section */
		68853FBD199D480B00512543 /* Debug */ = {
			isa = XCBuildConfiguration;
			buildSettings = {
				ALWAYS_SEARCH_USER_PATHS = NO;
				CLANG_CXX_LANGUAGE_STANDARD = "gnu++0x";
				CLANG_CXX_LIBRARY = "libc++";
				CLANG_ENABLE_MODULES = YES;
				CLANG_ENABLE_OBJC_ARC = YES;
				CLANG_WARN_BOOL_CONVERSION = YES;
				CLANG_WARN_CONSTANT_CONVERSION = YES;
				CLANG_WARN_DIRECT_OBJC_ISA_USAGE = YES_ERROR;
				CLANG_WARN_EMPTY_BODY = YES;
				CLANG_WARN_ENUM_CONVERSION = YES;
				CLANG_WARN_INT_CONVERSION = YES;
				CLANG_WARN_OBJC_ROOT_CLASS = YES_ERROR;
				CLANG_WARN__DUPLICATE_METHOD_MATCH = YES;
				"CODE_SIGN_IDENTITY[sdk=iphoneos*]" = "iPhone Developer";
				COPY_PHASE_STRIP = NO;
				GCC_C_LANGUAGE_STANDARD = gnu99;
				GCC_DYNAMIC_NO_PIC = NO;
				GCC_OPTIMIZATION_LEVEL = 0;
				GCC_PREPROCESSOR_DEFINITIONS = (
					"DEBUG=1",
					"$(inherited)",
				);
				GCC_SYMBOLS_PRIVATE_EXTERN = NO;
				GCC_WARN_64_TO_32_BIT_CONVERSION = YES;
				GCC_WARN_ABOUT_RETURN_TYPE = YES_ERROR;
				GCC_WARN_UNDECLARED_SELECTOR = YES;
				GCC_WARN_UNINITIALIZED_AUTOS = YES_AGGRESSIVE;
				GCC_WARN_UNUSED_FUNCTION = YES;
				GCC_WARN_UNUSED_VARIABLE = YES;
				IPHONEOS_DEPLOYMENT_TARGET = 7.1;
				ONLY_ACTIVE_ARCH = YES;
				SDKROOT = iphoneos;
			};
			name = Debug;
		};
		68853FBE199D480B00512543 /* Release */ = {
			isa = XCBuildConfiguration;
			buildSettings = {
				ALWAYS_SEARCH_USER_PATHS = NO;
				CLANG_CXX_LANGUAGE_STANDARD = "gnu++0x";
				CLANG_CXX_LIBRARY = "libc++";
				CLANG_ENABLE_MODULES = YES;
				CLANG_ENABLE_OBJC_ARC = YES;
				CLANG_WARN_BOOL_CONVERSION = YES;
				CLANG_WARN_CONSTANT_CONVERSION = YES;
				CLANG_WARN_DIRECT_OBJC_ISA_USAGE = YES_ERROR;
				CLANG_WARN_EMPTY_BODY = YES;
				CLANG_WARN_ENUM_CONVERSION = YES;
				CLANG_WARN_INT_CONVERSION = YES;
				CLANG_WARN_OBJC_ROOT_CLASS = YES_ERROR;
				CLANG_WARN__DUPLICATE_METHOD_MATCH = YES;
				"CODE_SIGN_IDENTITY[sdk=iphoneos*]" = "iPhone Developer";
				COPY_PHASE_STRIP = YES;
				ENABLE_NS_ASSERTIONS = NO;
				GCC_C_LANGUAGE_STANDARD = gnu99;
				GCC_WARN_64_TO_32_BIT_CONVERSION = YES;
				GCC_WARN_ABOUT_RETURN_TYPE = YES_ERROR;
				GCC_WARN_UNDECLARED_SELECTOR = YES;
				GCC_WARN_UNINITIALIZED_AUTOS = YES_AGGRESSIVE;
				GCC_WARN_UNUSED_FUNCTION = YES;
				GCC_WARN_UNUSED_VARIABLE = YES;
				IPHONEOS_DEPLOYMENT_TARGET = 7.1;
				SDKROOT = iphoneos;
				VALIDATE_PRODUCT = YES;
			};
			name = Release;
		};
		68853FC0199D480B00512543 /* Debug */ = {
			isa = XCBuildConfiguration;
			buildSettings = {
				ASSETCATALOG_COMPILER_APPICON_NAME = AppIcon;
				ASSETCATALOG_COMPILER_LAUNCHIMAGE_NAME = LaunchImage;
				GCC_PRECOMPILE_PREFIX_HEADER = YES;
				GCC_PREFIX_HEADER = "AllAroundU/AllAroundU-Prefix.pch";
				INFOPLIST_FILE = "AllAroundU/AllAroundU-Info.plist";
				PRODUCT_NAME = "$(TARGET_NAME)";
				WRAPPER_EXTENSION = app;
			};
			name = Debug;
		};
		68853FC1199D480B00512543 /* Release */ = {
			isa = XCBuildConfiguration;
			buildSettings = {
				ASSETCATALOG_COMPILER_APPICON_NAME = AppIcon;
				ASSETCATALOG_COMPILER_LAUNCHIMAGE_NAME = LaunchImage;
				GCC_PRECOMPILE_PREFIX_HEADER = YES;
				GCC_PREFIX_HEADER = "AllAroundU/AllAroundU-Prefix.pch";
				INFOPLIST_FILE = "AllAroundU/AllAroundU-Info.plist";
				PRODUCT_NAME = "$(TARGET_NAME)";
				WRAPPER_EXTENSION = app;
			};
			name = Release;
		};
		68853FC3199D480B00512543 /* Debug */ = {
			isa = XCBuildConfiguration;
			buildSettings = {
				BUNDLE_LOADER = "$(BUILT_PRODUCTS_DIR)/AllAroundU.app/AllAroundU";
				FRAMEWORK_SEARCH_PATHS = (
					"$(SDKROOT)/Developer/Library/Frameworks",
					"$(inherited)",
					"$(DEVELOPER_FRAMEWORKS_DIR)",
				);
				GCC_PRECOMPILE_PREFIX_HEADER = YES;
				GCC_PREFIX_HEADER = "AllAroundU/AllAroundU-Prefix.pch";
				GCC_PREPROCESSOR_DEFINITIONS = (
					"DEBUG=1",
					"$(inherited)",
				);
				INFOPLIST_FILE = "AllAroundUTests/AllAroundUTests-Info.plist";
				PRODUCT_NAME = "$(TARGET_NAME)";
				TEST_HOST = "$(BUNDLE_LOADER)";
				WRAPPER_EXTENSION = xctest;
			};
			name = Debug;
		};
		68853FC4199D480B00512543 /* Release */ = {
			isa = XCBuildConfiguration;
			buildSettings = {
				BUNDLE_LOADER = "$(BUILT_PRODUCTS_DIR)/AllAroundU.app/AllAroundU";
				FRAMEWORK_SEARCH_PATHS = (
					"$(SDKROOT)/Developer/Library/Frameworks",
					"$(inherited)",
					"$(DEVELOPER_FRAMEWORKS_DIR)",
				);
				GCC_PRECOMPILE_PREFIX_HEADER = YES;
				GCC_PREFIX_HEADER = "AllAroundU/AllAroundU-Prefix.pch";
				INFOPLIST_FILE = "AllAroundUTests/AllAroundUTests-Info.plist";
				PRODUCT_NAME = "$(TARGET_NAME)";
				TEST_HOST = "$(BUNDLE_LOADER)";
				WRAPPER_EXTENSION = xctest;
			};
			name = Release;
		};
/* End XCBuildConfiguration section */

/* Begin XCConfigurationList section */
		68853F88199D480B00512543 /* Build configuration list for PBXProject "AllAroundU" */ = {
			isa = XCConfigurationList;
			buildConfigurations = (
				68853FBD199D480B00512543 /* Debug */,
				68853FBE199D480B00512543 /* Release */,
			);
			defaultConfigurationIsVisible = 0;
			defaultConfigurationName = Release;
		};
		68853FBF199D480B00512543 /* Build configuration list for PBXNativeTarget "AllAroundU" */ = {
			isa = XCConfigurationList;
			buildConfigurations = (
				68853FC0199D480B00512543 /* Debug */,
				68853FC1199D480B00512543 /* Release */,
			);
			defaultConfigurationIsVisible = 0;
		};
		68853FC2199D480B00512543 /* Build configuration list for PBXNativeTarget "AllAroundUTests" */ = {
			isa = XCConfigurationList;
			buildConfigurations = (
				68853FC3199D480B00512543 /* Debug */,
				68853FC4199D480B00512543 /* Release */,
			);
			defaultConfigurationIsVisible = 0;
		};
/* End XCConfigurationList section */
	};
	rootObject = 68853F85199D480B00512543 /* Project object */;
}
